
Microsoft Visual Studio Solution File, Format Version 12.00
# Visual Studio 14
VisualStudioVersion = 14.0.23107.0
MinimumVisualStudioVersion = 10.0.40219.1
Project("{FAE04EC0-301F-11D3-BF4B-00C04F79EFBC}") = "Data", "Data\Data.csproj", "{64472248-DCF8-4225-A80F-9EE869478241}"
EndProject
Project("{FAE04EC0-301F-11D3-BF4B-00C04F79EFBC}") = "Domain", "Domain\Domain.csproj", "{6F02B2C1-4FCE-4427-B949-DAEE3527CAB1}"
EndProject
Project("{FAE04EC0-301F-11D3-BF4B-00C04F79EFBC}") = "Service", "Service\Service.csproj", "{D5350CE9-E1A3-4C9F-A82E-7D837E1C9D0B}"
EndProject
Project("{FAE04EC0-301F-11D3-BF4B-00C04F79EFBC}") = "UI.Windows", "UI.Windows\UI.Windows.csproj", "{A978C73C-3789-4AD1-8790-A59664094276}"
EndProject
Project("{FAE04EC0-301F-11D3-BF4B-00C04F79EFBC}") = "Utility", "Utility\Utility.csproj", "{63AD686E-3477-49A6-B4B3-0CD7F1C0726E}"
EndProject
Project("{FAE04EC0-301F-11D3-BF4B-00C04F79EFBC}") = "UnitTest", "UnitTest\UnitTest.csproj", "{9C50E67D-D4C2-4E18-B8F8-8BD04DECB8AC}"
EndProject
Project("{FAE04EC0-301F-11D3-BF4B-00C04F79EFBC}") = "Report", "Report\Report.csproj", "{F2E02F1B-B649-4058-A45F-D914DF358D52}"
EndProject
Project("{FAE04EC0-301F-11D3-BF4B-00C04F79EFBC}") = "Ribbon", "Ribbon\Ribbon.csproj", "{46A18A55-5AE8-49CE-91CD-C7421B642E7E}"
EndProject
Global
	GlobalSection(SolutionConfigurationPlatforms) = preSolution
		CD_ROM|Any CPU = CD_ROM|Any CPU
		Debug|Any CPU = Debug|Any CPU
		DVD-5|Any CPU = DVD-5|Any CPU
		Release|Any CPU = Release|Any CPU
		SingleImage|Any CPU = SingleImage|Any CPU
	EndGlobalSection
	GlobalSection(ProjectConfigurationPlatforms) = postSolution
		{64472248-DCF8-4225-A80F-9EE869478241}.CD_ROM|Any CPU.ActiveCfg = Release|Any CPU
		{64472248-DCF8-4225-A80F-9EE869478241}.CD_ROM|Any CPU.Build.0 = Release|Any CPU
		{64472248-DCF8-4225-A80F-9EE869478241}.Debug|Any CPU.ActiveCfg = Debug|Any CPU
		{64472248-DCF8-4225-A80F-9EE869478241}.Debug|Any CPU.Build.0 = Debug|Any CPU
		{64472248-DCF8-4225-A80F-9EE869478241}.DVD-5|Any CPU.ActiveCfg = Debug|Any CPU
		{64472248-DCF8-4225-A80F-9EE869478241}.DVD-5|Any CPU.Build.0 = Debug|Any CPU
		{64472248-DCF8-4225-A80F-9EE869478241}.Release|Any CPU.ActiveCfg = Release|Any CPU
		{64472248-DCF8-4225-A80F-9EE869478241}.Release|Any CPU.Build.0 = Release|Any CPU
		{64472248-DCF8-4225-A80F-9EE869478241}.SingleImage|Any CPU.ActiveCfg = Release|Any CPU
		{64472248-DCF8-4225-A80F-9EE869478241}.SingleImage|Any CPU.Build.0 = Release|Any CPU
		{6F02B2C1-4FCE-4427-B949-DAEE3527CAB1}.CD_ROM|Any CPU.ActiveCfg = Release|Any CPU
		{6F02B2C1-4FCE-4427-B949-DAEE3527CAB1}.CD_ROM|Any CPU.Build.0 = Release|Any CPU
		{6F02B2C1-4FCE-4427-B949-DAEE3527CAB1}.Debug|Any CPU.ActiveCfg = Debug|Any CPU
		{6F02B2C1-4FCE-4427-B949-DAEE3527CAB1}.Debug|Any CPU.Build.0 = Debug|Any CPU
		{6F02B2C1-4FCE-4427-B949-DAEE3527CAB1}.DVD-5|Any CPU.ActiveCfg = Debug|Any CPU
		{6F02B2C1-4FCE-4427-B949-DAEE3527CAB1}.DVD-5|Any CPU.Build.0 = Debug|Any CPU
		{6F02B2C1-4FCE-4427-B949-DAEE3527CAB1}.Release|Any CPU.ActiveCfg = Release|Any CPU
		{6F02B2C1-4FCE-4427-B949-DAEE3527CAB1}.Release|Any CPU.Build.0 = Release|Any CPU
		{6F02B2C1-4FCE-4427-B949-DAEE3527CAB1}.SingleImage|Any CPU.ActiveCfg = Release|Any CPU
		{6F02B2C1-4FCE-4427-B949-DAEE3527CAB1}.SingleImage|Any CPU.Build.0 = Release|Any CPU
		{D5350CE9-E1A3-4C9F-A82E-7D837E1C9D0B}.CD_ROM|Any CPU.ActiveCfg = Release|Any CPU
		{D5350CE9-E1A3-4C9F-A82E-7D837E1C9D0B}.CD_ROM|Any CPU.Build.0 = Release|Any CPU
		{D5350CE9-E1A3-4C9F-A82E-7D837E1C9D0B}.Debug|Any CPU.ActiveCfg = Debug|Any CPU
		{D5350CE9-E1A3-4C9F-A82E-7D837E1C9D0B}.Debug|Any CPU.Build.0 = Debug|Any CPU
		{D5350CE9-E1A3-4C9F-A82E-7D837E1C9D0B}.DVD-5|Any CPU.ActiveCfg = Debug|Any CPU
		{D5350CE9-E1A3-4C9F-A82E-7D837E1C9D0B}.DVD-5|Any CPU.Build.0 = Debug|Any CPU
		{D5350CE9-E1A3-4C9F-A82E-7D837E1C9D0B}.Release|Any CPU.ActiveCfg = Release|Any CPU
		{D5350CE9-E1A3-4C9F-A82E-7D837E1C9D0B}.Release|Any CPU.Build.0 = Release|Any CPU
		{D5350CE9-E1A3-4C9F-A82E-7D837E1C9D0B}.SingleImage|Any CPU.ActiveCfg = Release|Any CPU
		{D5350CE9-E1A3-4C9F-A82E-7D837E1C9D0B}.SingleImage|Any CPU.Build.0 = Release|Any CPU
		{A978C73C-3789-4AD1-8790-A59664094276}.CD_ROM|Any CPU.ActiveCfg = Release|Any CPU
		{A978C73C-3789-4AD1-8790-A59664094276}.CD_ROM|Any CPU.Build.0 = Release|Any CPU
		{A978C73C-3789-4AD1-8790-A59664094276}.Debug|Any CPU.ActiveCfg = Debug|Any CPU
		{A978C73C-3789-4AD1-8790-A59664094276}.Debug|Any CPU.Build.0 = Debug|Any CPU
		{A978C73C-3789-4AD1-8790-A59664094276}.DVD-5|Any CPU.ActiveCfg = Debug|Any CPU
		{A978C73C-3789-4AD1-8790-A59664094276}.DVD-5|Any CPU.Build.0 = Debug|Any CPU
		{A978C73C-3789-4AD1-8790-A59664094276}.Release|Any CPU.ActiveCfg = Release|Any CPU
		{A978C73C-3789-4AD1-8790-A59664094276}.Release|Any CPU.Build.0 = Release|Any CPU
		{A978C73C-3789-4AD1-8790-A59664094276}.SingleImage|Any CPU.ActiveCfg = Release|Any CPU
		{A978C73C-3789-4AD1-8790-A59664094276}.SingleImage|Any CPU.Build.0 = Release|Any CPU
		{63AD686E-3477-49A6-B4B3-0CD7F1C0726E}.CD_ROM|Any CPU.ActiveCfg = Release|Any CPU
		{63AD686E-3477-49A6-B4B3-0CD7F1C0726E}.CD_ROM|Any CPU.Build.0 = Release|Any CPU
		{63AD686E-3477-49A6-B4B3-0CD7F1C0726E}.Debug|Any CPU.ActiveCfg = Debug|Any CPU
		{63AD686E-3477-49A6-B4B3-0CD7F1C0726E}.Debug|Any CPU.Build.0 = Debug|Any CPU
		{63AD686E-3477-49A6-B4B3-0CD7F1C0726E}.DVD-5|Any CPU.ActiveCfg = Debug|Any CPU
		{63AD686E-3477-49A6-B4B3-0CD7F1C0726E}.DVD-5|Any CPU.Build.0 = Debug|Any CPU
		{63AD686E-3477-49A6-B4B3-0CD7F1C0726E}.Release|Any CPU.ActiveCfg = Release|Any CPU
		{63AD686E-3477-49A6-B4B3-0CD7F1C0726E}.Release|Any CPU.Build.0 = Release|Any CPU
		{63AD686E-3477-49A6-B4B3-0CD7F1C0726E}.SingleImage|Any CPU.ActiveCfg = Release|Any CPU
		{63AD686E-3477-49A6-B4B3-0CD7F1C0726E}.SingleImage|Any CPU.Build.0 = Release|Any CPU
		{9C50E67D-D4C2-4E18-B8F8-8BD04DECB8AC}.CD_ROM|Any CPU.ActiveCfg = Release|Any CPU
		{9C50E67D-D4C2-4E18-B8F8-8BD04DECB8AC}.CD_ROM|Any CPU.Build.0 = Release|Any CPU
		{9C50E67D-D4C2-4E18-B8F8-8BD04DECB8AC}.Debug|Any CPU.ActiveCfg = Debug|Any CPU
		{9C50E67D-D4C2-4E18-B8F8-8BD04DECB8AC}.Debug|Any CPU.Build.0 = Debug|Any CPU
		{9C50E67D-D4C2-4E18-B8F8-8BD04DECB8AC}.DVD-5|Any CPU.ActiveCfg = Debug|Any CPU
		{9C50E67D-D4C2-4E18-B8F8-8BD04DECB8AC}.DVD-5|Any CPU.Build.0 = Debug|Any CPU
		{9C50E67D-D4C2-4E18-B8F8-8BD04DECB8AC}.Release|Any CPU.ActiveCfg = Release|Any CPU
		{9C50E67D-D4C2-4E18-B8F8-8BD04DECB8AC}.Release|Any CPU.Build.0 = Release|Any CPU
		{9C50E67D-D4C2-4E18-B8F8-8BD04DECB8AC}.SingleImage|Any CPU.ActiveCfg = Release|Any CPU
		{9C50E67D-D4C2-4E18-B8F8-8BD04DECB8AC}.SingleImage|Any CPU.Build.0 = Release|Any CPU
		{F2E02F1B-B649-4058-A45F-D914DF358D52}.CD_ROM|Any CPU.ActiveCfg = Release|Any CPU
		{F2E02F1B-B649-4058-A45F-D914DF358D52}.CD_ROM|Any CPU.Build.0 = Release|Any CPU
		{F2E02F1B-B649-4058-A45F-D914DF358D52}.Debug|Any CPU.ActiveCfg = Debug|Any CPU
		{F2E02F1B-B649-4058-A45F-D914DF358D52}.Debug|Any CPU.Build.0 = Debug|Any CPU
		{F2E02F1B-B649-4058-A45F-D914DF358D52}.DVD-5|Any CPU.ActiveCfg = Debug|Any CPU
		{F2E02F1B-B649-4058-A45F-D914DF358D52}.DVD-5|Any CPU.Build.0 = Debug|Any CPU
		{F2E02F1B-B649-4058-A45F-D914DF358D52}.Release|Any CPU.ActiveCfg = Release|Any CPU
		{F2E02F1B-B649-4058-A45F-D914DF358D52}.Release|Any CPU.Build.0 = Release|Any CPU
		{F2E02F1B-B649-4058-A45F-D914DF358D52}.SingleImage|Any CPU.ActiveCfg = Release|Any CPU
		{F2E02F1B-B649-4058-A45F-D914DF358D52}.SingleImage|Any CPU.Build.0 = Release|Any CPU
		{46A18A55-5AE8-49CE-91CD-C7421B642E7E}.CD_ROM|Any CPU.ActiveCfg = Release|Any CPU
		{46A18A55-5AE8-49CE-91CD-C7421B642E7E}.CD_ROM|Any CPU.Build.0 = Release|Any CPU
		{46A18A55-5AE8-49CE-91CD-C7421B642E7E}.Debug|Any CPU.ActiveCfg = Debug|Any CPU
		{46A18A55-5AE8-49CE-91CD-C7421B642E7E}.Debug|Any CPU.Build.0 = Debug|Any CPU
		{46A18A55-5AE8-49CE-91CD-C7421B642E7E}.DVD-5|Any CPU.ActiveCfg = Debug|Any CPU
		{46A18A55-5AE8-49CE-91CD-C7421B642E7E}.DVD-5|Any CPU.Build.0 = Debug|Any CPU
		{46A18A55-5AE8-49CE-91CD-C7421B642E7E}.Release|Any CPU.ActiveCfg = Release|Any CPU
		{46A18A55-5AE8-49CE-91CD-C7421B642E7E}.Release|Any CPU.Build.0 = Release|Any CPU
		{46A18A55-5AE8-49CE-91CD-C7421B642E7E}.SingleImage|Any CPU.ActiveCfg = Release|Any CPU
		{46A18A55-5AE8-49CE-91CD-C7421B642E7E}.SingleImage|Any CPU.Build.0 = Release|Any CPU
	EndGlobalSection
	GlobalSection(SolutionProperties) = preSolution
		HideSolutionNode = FALSE
	EndGlobalSection
EndGlobal
